
Microsoft Visual Studio Solution File, Format Version 12.00
# Visual Studio Version 17
VisualStudioVersion = 17.6.33723.286
MinimumVisualStudioVersion = 10.0.40219.1
Project("{9A19103F-16F7-4668-BE54-9A1E7A4F7556}") = "TaskTracker", "TaskTracker.csproj", "{95129180-FA84-49CD-9A3C-11AAD868FBE0}"
EndProject
Project("{FAE04EC0-301F-11D3-BF4B-00C04F79EFBC}") = "Test", "..\Test\Test.csproj", "{B1B85752-FF56-4484-BE94-EE8DD44F398B}"
EndProject
Project("{FAE04EC0-301F-11D3-BF4B-00C04F79EFBC}") = "Calculator", "..\Calculator\Calculator.csproj", "{9298C4FB-1431-481E-940D-C7444B4AF242}"
EndProject
Global
	GlobalSection(SolutionConfigurationPlatforms) = preSolution
		Debug|Any CPU = Debug|Any CPU
		Release|Any CPU = Release|Any CPU
	EndGlobalSection
	GlobalSection(ProjectConfigurationPlatforms) = postSolution
		{95129180-FA84-49CD-9A3C-11AAD868FBE0}.Debug|Any CPU.ActiveCfg = Debug|Any CPU
		{95129180-FA84-49CD-9A3C-11AAD868FBE0}.Debug|Any CPU.Build.0 = Debug|Any CPU
		{95129180-FA84-49CD-9A3C-11AAD868FBE0}.Release|Any CPU.ActiveCfg = Release|Any CPU
		{95129180-FA84-49CD-9A3C-11AAD868FBE0}.Release|Any CPU.Build.0 = Release|Any CPU
		{B1B85752-FF56-4484-BE94-EE8DD44F398B}.Debug|Any CPU.ActiveCfg = Debug|Any CPU
		{B1B85752-FF56-4484-BE94-EE8DD44F398B}.Debug|Any CPU.Build.0 = Debug|Any CPU
		{B1B85752-FF56-4484-BE94-EE8DD44F398B}.Release|Any CPU.ActiveCfg = Release|Any CPU
		{B1B85752-FF56-4484-BE94-EE8DD44F398B}.Release|Any CPU.Build.0 = Release|Any CPU
		{9298C4FB-1431-481E-940D-C7444B4AF242}.Debug|Any CPU.ActiveCfg = Debug|Any CPU
		{9298C4FB-1431-481E-940D-C7444B4AF242}.Debug|Any CPU.Build.0 = Debug|Any CPU
		{9298C4FB-1431-481E-940D-C7444B4AF242}.Release|Any CPU.ActiveCfg = Release|Any CPU
		{9298C4FB-1431-481E-940D-C7444B4AF242}.Release|Any CPU.Build.0 = Release|Any CPU
	EndGlobalSection
	GlobalSection(SolutionProperties) = preSolution
		HideSolutionNode = FALSE
	EndGlobalSection
	GlobalSection(ExtensibilityGlobals) = postSolution
		SolutionGuid = {7BD4289F-B79E-407E-A9F8-8070AB34A057}
	EndGlobalSection
EndGlobal
