
Microsoft Visual Studio Solution File, Format Version 12.00
# Visual Studio Version 17
VisualStudioVersion = 17.6.33723.286
MinimumVisualStudioVersion = 10.0.40219.1
Project("{9A19103F-16F7-4668-BE54-9A1E7A4F7556}") = "Blog", "Blog.csproj", "{2064B924-DC0D-4788-8652-D5DD2778E57D}"
EndProject
Project("{FAE04EC0-301F-11D3-BF4B-00C04F79EFBC}") = "TestBlog", "..\TestBlog\TestBlog.csproj", "{C29BD0CF-0D2C-4005-A0F7-7B6E3D0824B1}"
EndProject
Global
	GlobalSection(SolutionConfigurationPlatforms) = preSolution
		Debug|Any CPU = Debug|Any CPU
		Release|Any CPU = Release|Any CPU
	EndGlobalSection
	GlobalSection(ProjectConfigurationPlatforms) = postSolution
		{2064B924-DC0D-4788-8652-D5DD2778E57D}.Debug|Any CPU.ActiveCfg = Debug|Any CPU
		{2064B924-DC0D-4788-8652-D5DD2778E57D}.Debug|Any CPU.Build.0 = Debug|Any CPU
		{2064B924-DC0D-4788-8652-D5DD2778E57D}.Release|Any CPU.ActiveCfg = Release|Any CPU
		{2064B924-DC0D-4788-8652-D5DD2778E57D}.Release|Any CPU.Build.0 = Release|Any CPU
		{C29BD0CF-0D2C-4005-A0F7-7B6E3D0824B1}.Debug|Any CPU.ActiveCfg = Debug|Any CPU
		{C29BD0CF-0D2C-4005-A0F7-7B6E3D0824B1}.Debug|Any CPU.Build.0 = Debug|Any CPU
		{C29BD0CF-0D2C-4005-A0F7-7B6E3D0824B1}.Release|Any CPU.ActiveCfg = Release|Any CPU
		{C29BD0CF-0D2C-4005-A0F7-7B6E3D0824B1}.Release|Any CPU.Build.0 = Release|Any CPU
	EndGlobalSection
	GlobalSection(SolutionProperties) = preSolution
		HideSolutionNode = FALSE
	EndGlobalSection
	GlobalSection(ExtensibilityGlobals) = postSolution
		SolutionGuid = {98A31425-53F4-4B39-9168-99DE1A65447A}
	EndGlobalSection
EndGlobal
